
Microsoft Visual Studio Solution File, Format Version 12.00
# Visual Studio Version 17
VisualStudioVersion = 17.14.36109.1
MinimumVisualStudioVersion = 10.0.40219.1
Project("{FAE04EC0-301F-11D3-BF4B-00C04F79EFBC}") = "beqom.monad", "beqom.monad\beqom.monad.csproj", "{D9AA3E5F-2B18-4535-BBDE-36EE2A81F873}"
EndProject
Project("{FAE04EC0-301F-11D3-BF4B-00C04F79EFBC}") = "beqom.unit.tests", "beqom.unit.tests\beqom.unit.tests.csproj", "{2766C67F-6515-45F6-BFF1-449B96B6DDD1}"
EndProject
Global
	GlobalSection(SolutionConfigurationPlatforms) = preSolution
		Debug|Any CPU = Debug|Any CPU
		Release|Any CPU = Release|Any CPU
	EndGlobalSection
	GlobalSection(ProjectConfigurationPlatforms) = postSolution
		{D9AA3E5F-2B18-4535-BBDE-36EE2A81F873}.Debug|Any CPU.ActiveCfg = Debug|Any CPU
		{D9AA3E5F-2B18-4535-BBDE-36EE2A81F873}.Debug|Any CPU.Build.0 = Debug|Any CPU
		{D9AA3E5F-2B18-4535-BBDE-36EE2A81F873}.Release|Any CPU.ActiveCfg = Release|Any CPU
		{D9AA3E5F-2B18-4535-BBDE-36EE2A81F873}.Release|Any CPU.Build.0 = Release|Any CPU
		{2766C67F-6515-45F6-BFF1-449B96B6DDD1}.Debug|Any CPU.ActiveCfg = Debug|Any CPU
		{2766C67F-6515-45F6-BFF1-449B96B6DDD1}.Debug|Any CPU.Build.0 = Debug|Any CPU
		{2766C67F-6515-45F6-BFF1-449B96B6DDD1}.Release|Any CPU.ActiveCfg = Release|Any CPU
		{2766C67F-6515-45F6-BFF1-449B96B6DDD1}.Release|Any CPU.Build.0 = Release|Any CPU
	EndGlobalSection
	GlobalSection(SolutionProperties) = preSolution
		HideSolutionNode = FALSE
	EndGlobalSection
	GlobalSection(ExtensibilityGlobals) = postSolution
		SolutionGuid = {B5238731-FC78-4493-B5A6-EBDB047D04A5}
	EndGlobalSection
EndGlobal
